
Microsoft Visual Studio Solution File, Format Version 12.00
# Visual Studio 15
VisualStudioVersion = 15.0.28010.2046
MinimumVisualStudioVersion = 10.0.40219.1
Project("{9A19103F-16F7-4668-BE54-9A1E7A4F7556}") = "FlightSpanners", "FlightSpanners\FlightSpanners.csproj", "{D1FE343F-EDCF-40F8-8970-82D8BB44EA4F}"
EndProject
Project("{9A19103F-16F7-4668-BE54-9A1E7A4F7556}") = "OdeToFood", "C:\Users\amr\source\repos\OdeToFood\OdeToFood\OdeToFood.csproj", "{3C272057-AB64-4F8A-919E-2E4D16FB5783}"
EndProject
Project("{9A19103F-16F7-4668-BE54-9A1E7A4F7556}") = "Scaffolding", "Scaffolding\Scaffolding.csproj", "{4C010A60-EEAA-4D56-B162-89FCE7B1BE12}"
EndProject
Global
	GlobalSection(SolutionConfigurationPlatforms) = preSolution
		Debug|Any CPU = Debug|Any CPU
		Release|Any CPU = Release|Any CPU
	EndGlobalSection
	GlobalSection(ProjectConfigurationPlatforms) = postSolution
		{D1FE343F-EDCF-40F8-8970-82D8BB44EA4F}.Debug|Any CPU.ActiveCfg = Debug|Any CPU
		{D1FE343F-EDCF-40F8-8970-82D8BB44EA4F}.Debug|Any CPU.Build.0 = Debug|Any CPU
		{D1FE343F-EDCF-40F8-8970-82D8BB44EA4F}.Release|Any CPU.ActiveCfg = Release|Any CPU
		{D1FE343F-EDCF-40F8-8970-82D8BB44EA4F}.Release|Any CPU.Build.0 = Release|Any CPU
		{3C272057-AB64-4F8A-919E-2E4D16FB5783}.Debug|Any CPU.ActiveCfg = Debug|Any CPU
		{3C272057-AB64-4F8A-919E-2E4D16FB5783}.Debug|Any CPU.Build.0 = Debug|Any CPU
		{3C272057-AB64-4F8A-919E-2E4D16FB5783}.Release|Any CPU.ActiveCfg = Release|Any CPU
		{3C272057-AB64-4F8A-919E-2E4D16FB5783}.Release|Any CPU.Build.0 = Release|Any CPU
		{4C010A60-EEAA-4D56-B162-89FCE7B1BE12}.Debug|Any CPU.ActiveCfg = Debug|Any CPU
		{4C010A60-EEAA-4D56-B162-89FCE7B1BE12}.Debug|Any CPU.Build.0 = Debug|Any CPU
		{4C010A60-EEAA-4D56-B162-89FCE7B1BE12}.Release|Any CPU.ActiveCfg = Release|Any CPU
		{4C010A60-EEAA-4D56-B162-89FCE7B1BE12}.Release|Any CPU.Build.0 = Release|Any CPU
	EndGlobalSection
	GlobalSection(SolutionProperties) = preSolution
		HideSolutionNode = FALSE
	EndGlobalSection
	GlobalSection(ExtensibilityGlobals) = postSolution
		SolutionGuid = {3B5B745F-44C4-4642-A216-49DC000B5ADB}
	EndGlobalSection
EndGlobal
